{
    "_meta": {
        "hash": {
            "sha256": "529405e3cf2918086bea2774a86588aa405f275e0db7a7220c1c28103c5936a2"
        },
        "pipfile-spec": 6,
        "requires": {
            "python_full_version": "3.10.11",
            "python_version": "3.10"
        },
        "sources": [
            {
                "name": "pypi",
                "url": "https://pypi.org/simple",
                "verify_ssl": true
            }
        ]
    },
    "default": {
        "json3": {
            "hashes": [
                "sha256:20419c09e8e80f064092b366d287dce7af93cba190ce1be6f7db344332a71398",
                "sha256:523c815169186343eee47cb8752fd51f79f1bb8c62996c0722d9349e20a773e0"
            ],
            "index": "pypi",
            "version": "==1.0"
        }
    },
    "develop": {}
}
